
Microsoft Visual Studio Solution File, Format Version 12.00
# Visual Studio Version 17
VisualStudioVersion = 17.3.32825.248
MinimumVisualStudioVersion = 10.0.40219.1
Project("{FAE04EC0-301F-11D3-BF4B-00C04F79EFBC}") = "MyBagelShop", "MyBagelShop\MyBagelShop.csproj", "{099D2A50-686D-4B4E-B4DF-1F59E2FDF37C}"
EndProject
Global
	GlobalSection(SolutionConfigurationPlatforms) = preSolution
		Debug|Any CPU = Debug|Any CPU
		Release|Any CPU = Release|Any CPU
	EndGlobalSection
	GlobalSection(ProjectConfigurationPlatforms) = postSolution
		{099D2A50-686D-4B4E-B4DF-1F59E2FDF37C}.Debug|Any CPU.ActiveCfg = Debug|Any CPU
		{099D2A50-686D-4B4E-B4DF-1F59E2FDF37C}.Debug|Any CPU.Build.0 = Debug|Any CPU
		{099D2A50-686D-4B4E-B4DF-1F59E2FDF37C}.Release|Any CPU.ActiveCfg = Release|Any CPU
		{099D2A50-686D-4B4E-B4DF-1F59E2FDF37C}.Release|Any CPU.Build.0 = Release|Any CPU
	EndGlobalSection
	GlobalSection(SolutionProperties) = preSolution
		HideSolutionNode = FALSE
	EndGlobalSection
	GlobalSection(ExtensibilityGlobals) = postSolution
		SolutionGuid = {BD78BD23-DFD1-46EA-9A36-A9DA7E1A2EFD}
	EndGlobalSection
EndGlobal
