
Microsoft Visual Studio Solution File, Format Version 12.00
# Visual Studio Version 17
VisualStudioVersion = 17.3.32825.248
MinimumVisualStudioVersion = 10.0.40219.1
Project("{FAE04EC0-301F-11D3-BF4B-00C04F79EFBC}") = "MyBagelShop", "MyBagelShop\MyBagelShop.csproj", "{2B7002AF-43AD-4401-B302-93CF05025A4E}"
EndProject
Global
	GlobalSection(SolutionConfigurationPlatforms) = preSolution
		Debug|Any CPU = Debug|Any CPU
		Release|Any CPU = Release|Any CPU
	EndGlobalSection
	GlobalSection(ProjectConfigurationPlatforms) = postSolution
		{2B7002AF-43AD-4401-B302-93CF05025A4E}.Debug|Any CPU.ActiveCfg = Debug|Any CPU
		{2B7002AF-43AD-4401-B302-93CF05025A4E}.Debug|Any CPU.Build.0 = Debug|Any CPU
		{2B7002AF-43AD-4401-B302-93CF05025A4E}.Release|Any CPU.ActiveCfg = Release|Any CPU
		{2B7002AF-43AD-4401-B302-93CF05025A4E}.Release|Any CPU.Build.0 = Release|Any CPU
	EndGlobalSection
	GlobalSection(SolutionProperties) = preSolution
		HideSolutionNode = FALSE
	EndGlobalSection
	GlobalSection(ExtensibilityGlobals) = postSolution
		SolutionGuid = {51E80E51-919E-4905-8FDE-060F2C22EB14}
	EndGlobalSection
EndGlobal
